# This file is automatically @generated by Poetry 2.1.4 and should not be changed by hand.

[[package]]
name = "pydub"
version = "0.25.1"
description = "Manipulate audio with an simple and easy high level interface"
optional = false
python-versions = "*"
groups = ["main"]
files = [
    {file = "pydub-0.25.1-py2.py3-none-any.whl", hash = "sha256:65617e33033874b59d87db603aa1ed450633288aefead953b30bded59cb599a6"},
    {file = "pydub-0.25.1.tar.gz", hash = "sha256:980a33ce9949cab2a569606b65674d748ecbca4f0796887fd6f46173a7b0d30f"},
]

[metadata]
lock-version = "2.1"
python-versions = ">=3.10,<3.13"
content-hash = "203e37de5c42a12191d493993ce88bfff35ab85fb980bcf1cdd5fec55cbf68f9"
